// !$*UTF8*$!
{
	archiveVersion = 1;
	classes = {
	};
	objectVersion = 46;
	objects = {

/* Begin PBXBuildFile section */
		08456354E84E63D43B0585C1 /* Pods______.framework in Frameworks */ = {isa = PBXBuildFile; fileRef = ABB3A91F64CDBFD61047E3AD /* Pods______.framework */; };
		B70CC4EB1DA03ADF0079F071 /* RNRecommendViewController.m in Sources */ = {isa = PBXBuildFile; fileRef = B70CC4EA1DA03ADF0079F071 /* RNRecommendViewController.m */; };
		B71D08531DA0BCA4001A3071 /* Log+extension.m in Sources */ = {isa = PBXBuildFile; fileRef = B71D08521DA0BCA4001A3071 /* Log+extension.m */; };
		B71D08561DA0CBD0001A3071 /* RNCategoryTag.m in Sources */ = {isa = PBXBuildFile; fileRef = B71D08551DA0CBD0001A3071 /* RNCategoryTag.m */; };
		B71D085C1DA0D9B5001A3071 /* RNCategoryTagCell.m in Sources */ = {isa = PBXBuildFile; fileRef = B71D085B1DA0D9B5001A3071 /* RNCategoryTagCell.m */; };
		B71ECCC31DA5FA5400DA3AC6 /* member_ diamond_icon.gif in Resources */ = {isa = PBXBuildFile; fileRef = B71ECCC11DA5FA5400DA3AC6 /* member_ diamond_icon.gif */; };
		B71ECCC41DA5FA5400DA3AC6 /* member_ diamond_iconN.gif in Resources */ = {isa = PBXBuildFile; fileRef = B71ECCC21DA5FA5400DA3AC6 /* member_ diamond_iconN.gif */; };
		B7219DF71DA005D600B495CC /* RNFriendsView.m in Sources */ = {isa = PBXBuildFile; fileRef = B7219DF61DA005D600B495CC /* RNFriendsView.m */; };
		B729A8201D9F97B800107A99 /* RNNavigationController.m in Sources */ = {isa = PBXBuildFile; fileRef = B729A81F1D9F97B800107A99 /* RNNavigationController.m */; };
		B76926631DA368B90071881A /* RNCelebrityTableViewCell.m in Sources */ = {isa = PBXBuildFile; fileRef = B76926611DA368B90071881A /* RNCelebrityTableViewCell.m */; };
		B76926641DA368B90071881A /* RNCelebrityTableViewCell.xib in Resources */ = {isa = PBXBuildFile; fileRef = B76926621DA368B90071881A /* RNCelebrityTableViewCell.xib */; };
		B783C4181DA55E2800AD8C2A /* RNUsers.m in Sources */ = {isa = PBXBuildFile; fileRef = B783C4171DA55E2800AD8C2A /* RNUsers.m */; };
		B78795731D9F80A300AEC762 /* main.m in Sources */ = {isa = PBXBuildFile; fileRef = B78795721D9F80A300AEC762 /* main.m */; };
		B787957E1D9F80A300AEC762 /* Assets.xcassets in Resources */ = {isa = PBXBuildFile; fileRef = B787957D1D9F80A300AEC762 /* Assets.xcassets */; };
		B787958C1D9F80A300AEC762 /* _____Tests.m in Sources */ = {isa = PBXBuildFile; fileRef = B787958B1D9F80A300AEC762 /* _____Tests.m */; };
		B78795971D9F80A300AEC762 /* _____UITests.m in Sources */ = {isa = PBXBuildFile; fileRef = B78795961D9F80A300AEC762 /* _____UITests.m */; };
		B78795CF1D9F83C500AEC762 /* RNBaseController.m in Sources */ = {isa = PBXBuildFile; fileRef = B78795A81D9F83C500AEC762 /* RNBaseController.m */; };
		B78795D01D9F83C500AEC762 /* RNTabBar.m in Sources */ = {isa = PBXBuildFile; fileRef = B78795AC1D9F83C500AEC762 /* RNTabBar.m */; };
		B78795D11D9F83C500AEC762 /* UIBarButtonItem+RNExtension.m in Sources */ = {isa = PBXBuildFile; fileRef = B78795AE1D9F83C500AEC762 /* UIBarButtonItem+RNExtension.m */; };
		B78795D21D9F83C500AEC762 /* RNEssenceViewController.m in Sources */ = {isa = PBXBuildFile; fileRef = B78795B21D9F83C500AEC762 /* RNEssenceViewController.m */; };
		B78795D31D9F83C500AEC762 /* RNFriendTrendsViewController.m in Sources */ = {isa = PBXBuildFile; fileRef = B78795B81D9F83C500AEC762 /* RNFriendTrendsViewController.m */; };
		B78795D41D9F83C500AEC762 /* RNMeViewController.m in Sources */ = {isa = PBXBuildFile; fileRef = B78795BE1D9F83C500AEC762 /* RNMeViewController.m */; };
		B78795D51D9F83C500AEC762 /* RNNewPostViewController.m in Sources */ = {isa = PBXBuildFile; fileRef = B78795C41D9F83C500AEC762 /* RNNewPostViewController.m */; };
		B78795D61D9F83C500AEC762 /* AppDelegate.m in Sources */ = {isa = PBXBuildFile; fileRef = B78795C91D9F83C500AEC762 /* AppDelegate.m */; };
/* End PBXBuildFile section */

/* Begin PBXContainerItemProxy section */
		B78795881D9F80A300AEC762 /* PBXContainerItemProxy */ = {
			isa = PBXContainerItemProxy;
			containerPortal = B78795661D9F80A200AEC762 /* Project object */;
			proxyType = 1;
			remoteGlobalIDString = B787956D1D9F80A300AEC762;
			remoteInfo = "百思不得姐";
		};
		B78795931D9F80A300AEC762 /* PBXContainerItemProxy */ = {
			isa = PBXContainerItemProxy;
			containerPortal = B78795661D9F80A200AEC762 /* Project object */;
			proxyType = 1;
			remoteGlobalIDString = B787956D1D9F80A300AEC762;
			remoteInfo = "百思不得姐";
		};
/* End PBXContainerItemProxy section */

/* Begin PBXFileReference section */
		58EE82A92ED411FB08ECA03C /* Pods-百思不得姐.release.xcconfig */ = {isa = PBXFileReference; includeInIndex = 1; lastKnownFileType = text.xcconfig; name = "Pods-百思不得姐.release.xcconfig"; path = "Pods/Target Support Files/Pods-百思不得姐/Pods-百思不得姐.release.xcconfig"; sourceTree = "<group>"; };
		ABB3A91F64CDBFD61047E3AD /* Pods______.framework */ = {isa = PBXFileReference; explicitFileType = wrapper.framework; includeInIndex = 0; path = "Pods______.framework"; sourceTree = BUILT_PRODUCTS_DIR; };
		B70CC4E91DA03ADF0079F071 /* RNRecommendViewController.h */ = {isa = PBXFileReference; fileEncoding = 4; lastKnownFileType = sourcecode.c.h; path = RNRecommendViewController.h; sourceTree = "<group>"; };
		B70CC4EA1DA03ADF0079F071 /* RNRecommendViewController.m */ = {isa = PBXFileReference; fileEncoding = 4; lastKnownFileType = sourcecode.c.objc; path = RNRecommendViewController.m; sourceTree = "<group>"; };
		B71D08511DA0BC71001A3071 /* Log+extension.h */ = {isa = PBXFileReference; fileEncoding = 4; lastKnownFileType = sourcecode.c.h; path = "Log+extension.h"; sourceTree = "<group>"; };
		B71D08521DA0BCA4001A3071 /* Log+extension.m */ = {isa = PBXFileReference; fileEncoding = 4; lastKnownFileType = sourcecode.c.objc; path = "Log+extension.m"; sourceTree = "<group>"; };
		B71D08541DA0CBD0001A3071 /* RNCategoryTag.h */ = {isa = PBXFileReference; fileEncoding = 4; lastKnownFileType = sourcecode.c.h; path = RNCategoryTag.h; sourceTree = "<group>"; };
		B71D08551DA0CBD0001A3071 /* RNCategoryTag.m */ = {isa = PBXFileReference; fileEncoding = 4; lastKnownFileType = sourcecode.c.objc; path = RNCategoryTag.m; sourceTree = "<group>"; };
		B71D085A1DA0D9B5001A3071 /* RNCategoryTagCell.h */ = {isa = PBXFileReference; fileEncoding = 4; lastKnownFileType = sourcecode.c.h; path = RNCategoryTagCell.h; sourceTree = "<group>"; };
		B71D085B1DA0D9B5001A3071 /* RNCategoryTagCell.m */ = {isa = PBXFileReference; fileEncoding = 4; lastKnownFileType = sourcecode.c.objc; path = RNCategoryTagCell.m; sourceTree = "<group>"; };
		B71ECCC11DA5FA5400DA3AC6 /* member_ diamond_icon.gif */ = {isa = PBXFileReference; lastKnownFileType = image.gif; path = "member_ diamond_icon.gif"; sourceTree = "<group>"; };
		B71ECCC21DA5FA5400DA3AC6 /* member_ diamond_iconN.gif */ = {isa = PBXFileReference; lastKnownFileType = image.gif; path = "member_ diamond_iconN.gif"; sourceTree = "<group>"; };
		B7219DF51DA005D600B495CC /* RNFriendsView.h */ = {isa = PBXFileReference; fileEncoding = 4; lastKnownFileType = sourcecode.c.h; path = RNFriendsView.h; sourceTree = "<group>"; };
		B7219DF61DA005D600B495CC /* RNFriendsView.m */ = {isa = PBXFileReference; fileEncoding = 4; lastKnownFileType = sourcecode.c.objc; path = RNFriendsView.m; sourceTree = "<group>"; };
		B729A81E1D9F97B800107A99 /* RNNavigationController.h */ = {isa = PBXFileReference; fileEncoding = 4; lastKnownFileType = sourcecode.c.h; path = RNNavigationController.h; sourceTree = "<group>"; };
		B729A81F1D9F97B800107A99 /* RNNavigationController.m */ = {isa = PBXFileReference; fileEncoding = 4; lastKnownFileType = sourcecode.c.objc; path = RNNavigationController.m; sourceTree = "<group>"; };
		B76926601DA368B90071881A /* RNCelebrityTableViewCell.h */ = {isa = PBXFileReference; fileEncoding = 4; lastKnownFileType = sourcecode.c.h; path = RNCelebrityTableViewCell.h; sourceTree = "<group>"; };
		B76926611DA368B90071881A /* RNCelebrityTableViewCell.m */ = {isa = PBXFileReference; fileEncoding = 4; lastKnownFileType = sourcecode.c.objc; path = RNCelebrityTableViewCell.m; sourceTree = "<group>"; };
		B76926621DA368B90071881A /* RNCelebrityTableViewCell.xib */ = {isa = PBXFileReference; fileEncoding = 4; lastKnownFileType = file.xib; path = RNCelebrityTableViewCell.xib; sourceTree = "<group>"; };
		B783C4161DA55E2800AD8C2A /* RNUsers.h */ = {isa = PBXFileReference; fileEncoding = 4; lastKnownFileType = sourcecode.c.h; path = RNUsers.h; sourceTree = "<group>"; };
		B783C4171DA55E2800AD8C2A /* RNUsers.m */ = {isa = PBXFileReference; fileEncoding = 4; lastKnownFileType = sourcecode.c.objc; path = RNUsers.m; sourceTree = "<group>"; };
		B787956E1D9F80A300AEC762 /* 百思不得姐.app */ = {isa = PBXFileReference; explicitFileType = wrapper.application; includeInIndex = 0; path = "百思不得姐.app"; sourceTree = BUILT_PRODUCTS_DIR; };
		B78795721D9F80A300AEC762 /* main.m */ = {isa = PBXFileReference; lastKnownFileType = sourcecode.c.objc; path = main.m; sourceTree = "<group>"; };
		B787957D1D9F80A300AEC762 /* Assets.xcassets */ = {isa = PBXFileReference; lastKnownFileType = folder.assetcatalog; path = Assets.xcassets; sourceTree = "<group>"; };
		B78795821D9F80A300AEC762 /* Info.plist */ = {isa = PBXFileReference; lastKnownFileType = text.plist.xml; path = Info.plist; sourceTree = "<group>"; };
		B78795871D9F80A300AEC762 /* 百思不得姐Tests.xctest */ = {isa = PBXFileReference; explicitFileType = wrapper.cfbundle; includeInIndex = 0; path = "百思不得姐Tests.xctest"; sourceTree = BUILT_PRODUCTS_DIR; };
		B787958B1D9F80A300AEC762 /* _____Tests.m */ = {isa = PBXFileReference; lastKnownFileType = sourcecode.c.objc; path = "_____Tests.m"; sourceTree = "<group>"; };
		B787958D1D9F80A300AEC762 /* Info.plist */ = {isa = PBXFileReference; lastKnownFileType = text.plist.xml; path = Info.plist; sourceTree = "<group>"; };
		B78795921D9F80A300AEC762 /* 百思不得姐UITests.xctest */ = {isa = PBXFileReference; explicitFileType = wrapper.cfbundle; includeInIndex = 0; path = "百思不得姐UITests.xctest"; sourceTree = BUILT_PRODUCTS_DIR; };
		B78795961D9F80A300AEC762 /* _____UITests.m */ = {isa = PBXFileReference; lastKnownFileType = sourcecode.c.objc; path = "_____UITests.m"; sourceTree = "<group>"; };
		B78795981D9F80A300AEC762 /* Info.plist */ = {isa = PBXFileReference; lastKnownFileType = text.plist.xml; path = Info.plist; sourceTree = "<group>"; };
		B78795A71D9F83C500AEC762 /* RNBaseController.h */ = {isa = PBXFileReference; fileEncoding = 4; lastKnownFileType = sourcecode.c.h; path = RNBaseController.h; sourceTree = "<group>"; };
		B78795A81D9F83C500AEC762 /* RNBaseController.m */ = {isa = PBXFileReference; fileEncoding = 4; lastKnownFileType = sourcecode.c.objc; path = RNBaseController.m; sourceTree = "<group>"; };
		B78795AB1D9F83C500AEC762 /* RNTabBar.h */ = {isa = PBXFileReference; fileEncoding = 4; lastKnownFileType = sourcecode.c.h; path = RNTabBar.h; sourceTree = "<group>"; };
		B78795AC1D9F83C500AEC762 /* RNTabBar.m */ = {isa = PBXFileReference; fileEncoding = 4; lastKnownFileType = sourcecode.c.objc; path = RNTabBar.m; sourceTree = "<group>"; };
		B78795AD1D9F83C500AEC762 /* UIBarButtonItem+RNExtension.h */ = {isa = PBXFileReference; fileEncoding = 4; lastKnownFileType = sourcecode.c.h; path = "UIBarButtonItem+RNExtension.h"; sourceTree = "<group>"; };
		B78795AE1D9F83C500AEC762 /* UIBarButtonItem+RNExtension.m */ = {isa = PBXFileReference; fileEncoding = 4; lastKnownFileType = sourcecode.c.objc; path = "UIBarButtonItem+RNExtension.m"; sourceTree = "<group>"; };
		B78795B11D9F83C500AEC762 /* RNEssenceViewController.h */ = {isa = PBXFileReference; fileEncoding = 4; lastKnownFileType = sourcecode.c.h; path = RNEssenceViewController.h; sourceTree = "<group>"; };
		B78795B21D9F83C500AEC762 /* RNEssenceViewController.m */ = {isa = PBXFileReference; fileEncoding = 4; lastKnownFileType = sourcecode.c.objc; path = RNEssenceViewController.m; sourceTree = "<group>"; };
		B78795B71D9F83C500AEC762 /* RNFriendTrendsViewController.h */ = {isa = PBXFileReference; fileEncoding = 4; lastKnownFileType = sourcecode.c.h; path = RNFriendTrendsViewController.h; sourceTree = "<group>"; };
		B78795B81D9F83C500AEC762 /* RNFriendTrendsViewController.m */ = {isa = PBXFileReference; fileEncoding = 4; lastKnownFileType = sourcecode.c.objc; path = RNFriendTrendsViewController.m; sourceTree = "<group>"; };
		B78795BD1D9F83C500AEC762 /* RNMeViewController.h */ = {isa = PBXFileReference; fileEncoding = 4; lastKnownFileType = sourcecode.c.h; path = RNMeViewController.h; sourceTree = "<group>"; };
		B78795BE1D9F83C500AEC762 /* RNMeViewController.m */ = {isa = PBXFileReference; fileEncoding = 4; lastKnownFileType = sourcecode.c.objc; path = RNMeViewController.m; sourceTree = "<group>"; };
		B78795C31D9F83C500AEC762 /* RNNewPostViewController.h */ = {isa = PBXFileReference; fileEncoding = 4; lastKnownFileType = sourcecode.c.h; path = RNNewPostViewController.h; sourceTree = "<group>"; };
		B78795C41D9F83C500AEC762 /* RNNewPostViewController.m */ = {isa = PBXFileReference; fileEncoding = 4; lastKnownFileType = sourcecode.c.objc; path = RNNewPostViewController.m; sourceTree = "<group>"; };
		B78795C81D9F83C500AEC762 /* AppDelegate.h */ = {isa = PBXFileReference; fileEncoding = 4; lastKnownFileType = sourcecode.c.h; path = AppDelegate.h; sourceTree = "<group>"; };
		B78795C91D9F83C500AEC762 /* AppDelegate.m */ = {isa = PBXFileReference; fileEncoding = 4; lastKnownFileType = sourcecode.c.objc; path = AppDelegate.m; sourceTree = "<group>"; };
		B78795D81D9F83DF00AEC762 /* RNPrefixHeader.pch */ = {isa = PBXFileReference; lastKnownFileType = sourcecode.c.h; name = RNPrefixHeader.pch; path = ../../RNPrefixHeader.pch; sourceTree = "<group>"; };
		D4F87A1C724A5F31E896E059 /* Pods-百思不得姐.debug.xcconfig */ = {isa = PBXFileReference; includeInIndex = 1; lastKnownFileType = text.xcconfig; name = "Pods-百思不得姐.debug.xcconfig"; path = "Pods/Target Support Files/Pods-百思不得姐/Pods-百思不得姐.debug.xcconfig"; sourceTree = "<group>"; };
/* End PBXFileReference section */

/* Begin PBXFrameworksBuildPhase section */
		B787956B1D9F80A300AEC762 /* Frameworks */ = {
			isa = PBXFrameworksBuildPhase;
			buildActionMask = 2147483647;
			files = (
				08456354E84E63D43B0585C1 /* Pods______.framework in Frameworks */,
			);
			runOnlyForDeploymentPostprocessing = 0;
		};
		B78795841D9F80A300AEC762 /* Frameworks */ = {
			isa = PBXFrameworksBuildPhase;
			buildActionMask = 2147483647;
			files = (
			);
			runOnlyForDeploymentPostprocessing = 0;
		};
		B787958F1D9F80A300AEC762 /* Frameworks */ = {
			isa = PBXFrameworksBuildPhase;
			buildActionMask = 2147483647;
			files = (
			);
			runOnlyForDeploymentPostprocessing = 0;
		};
/* End PBXFrameworksBuildPhase section */

/* Begin PBXGroup section */
		0B7E15BEDEB7B7951B7A8294 /* Frameworks */ = {
			isa = PBXGroup;
			children = (
				ABB3A91F64CDBFD61047E3AD /* Pods______.framework */,
			);
			name = Frameworks;
			sourceTree = "<group>";
		};
		8049E22558B253BCF03954B4 /* Pods */ = {
			isa = PBXGroup;
			children = (
				D4F87A1C724A5F31E896E059 /* Pods-百思不得姐.debug.xcconfig */,
				58EE82A92ED411FB08ECA03C /* Pods-百思不得姐.release.xcconfig */,
			);
			name = Pods;
			sourceTree = "<group>";
		};
		B78795651D9F80A200AEC762 = {
			isa = PBXGroup;
			children = (
				B78795701D9F80A300AEC762 /* 百思不得姐 */,
				B787958A1D9F80A300AEC762 /* 百思不得姐Tests */,
				B78795951D9F80A300AEC762 /* 百思不得姐UITests */,
				B787956F1D9F80A300AEC762 /* Products */,
				8049E22558B253BCF03954B4 /* Pods */,
				0B7E15BEDEB7B7951B7A8294 /* Frameworks */,
			);
			sourceTree = "<group>";
		};
		B787956F1D9F80A300AEC762 /* Products */ = {
			isa = PBXGroup;
			children = (
				B787956E1D9F80A300AEC762 /* 百思不得姐.app */,
				B78795871D9F80A300AEC762 /* 百思不得姐Tests.xctest */,
				B78795921D9F80A300AEC762 /* 百思不得姐UITests.xctest */,
			);
			name = Products;
			sourceTree = "<group>";
		};
		B78795701D9F80A300AEC762 /* 百思不得姐 */ = {
			isa = PBXGroup;
			children = (
				B78795A41D9F83C500AEC762 /* Classes */,
				B78795711D9F80A300AEC762 /* Supporting Files */,
			);
			path = "百思不得姐";
			sourceTree = "<group>";
		};
		B78795711D9F80A300AEC762 /* Supporting Files */ = {
			isa = PBXGroup;
			children = (
				B71ECCC11DA5FA5400DA3AC6 /* member_ diamond_icon.gif */,
				B71ECCC21DA5FA5400DA3AC6 /* member_ diamond_iconN.gif */,
				B787957D1D9F80A300AEC762 /* Assets.xcassets */,
				B78795821D9F80A300AEC762 /* Info.plist */,
				B78795721D9F80A300AEC762 /* main.m */,
			);
			name = "Supporting Files";
			sourceTree = "<group>";
		};
		B787958A1D9F80A300AEC762 /* 百思不得姐Tests */ = {
			isa = PBXGroup;
			children = (
				B787958B1D9F80A300AEC762 /* _____Tests.m */,
				B787958D1D9F80A300AEC762 /* Info.plist */,
			);
			path = "百思不得姐Tests";
			sourceTree = "<group>";
		};
		B78795951D9F80A300AEC762 /* 百思不得姐UITests */ = {
			isa = PBXGroup;
			children = (
				B78795961D9F80A300AEC762 /* _____UITests.m */,
				B78795981D9F80A300AEC762 /* Info.plist */,
			);
			path = "百思不得姐UITests";
			sourceTree = "<group>";
		};
		B78795A41D9F83C500AEC762 /* Classes */ = {
			isa = PBXGroup;
			children = (
				B78795A51D9F83C500AEC762 /* Base */,
				B78795AF1D9F83C500AEC762 /* Essence */,
				B78795B51D9F83C500AEC762 /* FriendTrends */,
				B78795BB1D9F83C500AEC762 /* Me */,
				B78795C11D9F83C500AEC762 /* NewPost */,
				B78795C71D9F83C500AEC762 /* Other */,
				B78795CA1D9F83C500AEC762 /* Publish */,
			);
			path = Classes;
			sourceTree = "<group>";
		};
		B78795A51D9F83C500AEC762 /* Base */ = {
			isa = PBXGroup;
			children = (
				B78795A61D9F83C500AEC762 /* Controller */,
				B78795A91D9F83C500AEC762 /* Model */,
				B78795AA1D9F83C500AEC762 /* View */,
			);
			path = Base;
			sourceTree = "<group>";
		};
		B78795A61D9F83C500AEC762 /* Controller */ = {
			isa = PBXGroup;
			children = (
				B78795A71D9F83C500AEC762 /* RNBaseController.h */,
				B78795A81D9F83C500AEC762 /* RNBaseController.m */,
				B729A81E1D9F97B800107A99 /* RNNavigationController.h */,
				B729A81F1D9F97B800107A99 /* RNNavigationController.m */,
			);
			path = Controller;
			sourceTree = "<group>";
		};
		B78795A91D9F83C500AEC762 /* Model */ = {
			isa = PBXGroup;
			children = (
			);
			path = Model;
			sourceTree = "<group>";
		};
		B78795AA1D9F83C500AEC762 /* View */ = {
			isa = PBXGroup;
			children = (
				B78795AB1D9F83C500AEC762 /* RNTabBar.h */,
				B78795AC1D9F83C500AEC762 /* RNTabBar.m */,
				B78795AD1D9F83C500AEC762 /* UIBarButtonItem+RNExtension.h */,
				B78795AE1D9F83C500AEC762 /* UIBarButtonItem+RNExtension.m */,
			);
			path = View;
			sourceTree = "<group>";
		};
		B78795AF1D9F83C500AEC762 /* Essence */ = {
			isa = PBXGroup;
			children = (
				B78795B01D9F83C500AEC762 /* Controller */,
				B78795B31D9F83C500AEC762 /* Model */,
				B78795B41D9F83C500AEC762 /* View */,
			);
			path = Essence;
			sourceTree = "<group>";
		};
		B78795B01D9F83C500AEC762 /* Controller */ = {
			isa = PBXGroup;
			children = (
				B78795B11D9F83C500AEC762 /* RNEssenceViewController.h */,
				B78795B21D9F83C500AEC762 /* RNEssenceViewController.m */,
			);
			path = Controller;
			sourceTree = "<group>";
		};
		B78795B31D9F83C500AEC762 /* Model */ = {
			isa = PBXGroup;
			children = (
			);
			path = Model;
			sourceTree = "<group>";
		};
		B78795B41D9F83C500AEC762 /* View */ = {
			isa = PBXGroup;
			children = (
			);
			path = View;
			sourceTree = "<group>";
		};
		B78795B51D9F83C500AEC762 /* FriendTrends */ = {
			isa = PBXGroup;
			children = (
				B78795B61D9F83C500AEC762 /* Controller */,
				B78795B91D9F83C500AEC762 /* Model */,
				B78795BA1D9F83C500AEC762 /* View */,
			);
			path = FriendTrends;
			sourceTree = "<group>";
		};
		B78795B61D9F83C500AEC762 /* Controller */ = {
			isa = PBXGroup;
			children = (
				B78795B71D9F83C500AEC762 /* RNFriendTrendsViewController.h */,
				B78795B81D9F83C500AEC762 /* RNFriendTrendsViewController.m */,
				B70CC4E91DA03ADF0079F071 /* RNRecommendViewController.h */,
				B70CC4EA1DA03ADF0079F071 /* RNRecommendViewController.m */,
			);
			path = Controller;
			sourceTree = "<group>";
		};
		B78795B91D9F83C500AEC762 /* Model */ = {
			isa = PBXGroup;
			children = (
				B71D08541DA0CBD0001A3071 /* RNCategoryTag.h */,
				B783C4161DA55E2800AD8C2A /* RNUsers.h */,
				B783C4171DA55E2800AD8C2A /* RNUsers.m */,
				B71D08551DA0CBD0001A3071 /* RNCategoryTag.m */,
			);
			path = Model;
			sourceTree = "<group>";
		};
		B78795BA1D9F83C500AEC762 /* View */ = {
			isa = PBXGroup;
			children = (
				B7219DF51DA005D600B495CC /* RNFriendsView.h */,
				B7219DF61DA005D600B495CC /* RNFriendsView.m */,
				B71D085A1DA0D9B5001A3071 /* RNCategoryTagCell.h */,
				B71D085B1DA0D9B5001A3071 /* RNCategoryTagCell.m */,
				B76926601DA368B90071881A /* RNCelebrityTableViewCell.h */,
				B76926611DA368B90071881A /* RNCelebrityTableViewCell.m */,
				B76926621DA368B90071881A /* RNCelebrityTableViewCell.xib */,
			);
			path = View;
			sourceTree = "<group>";
		};
		B78795BB1D9F83C500AEC762 /* Me */ = {
			isa = PBXGroup;
			children = (
				B78795BC1D9F83C500AEC762 /* Controller */,
				B78795BF1D9F83C500AEC762 /* Model */,
				B78795C01D9F83C500AEC762 /* View */,
			);
			path = Me;
			sourceTree = "<group>";
		};
		B78795BC1D9F83C500AEC762 /* Controller */ = {
			isa = PBXGroup;
			children = (
				B78795BD1D9F83C500AEC762 /* RNMeViewController.h */,
				B78795BE1D9F83C500AEC762 /* RNMeViewController.m */,
			);
			path = Controller;
			sourceTree = "<group>";
		};
		B78795BF1D9F83C500AEC762 /* Model */ = {
			isa = PBXGroup;
			children = (
			);
			path = Model;
			sourceTree = "<group>";
		};
		B78795C01D9F83C500AEC762 /* View */ = {
			isa = PBXGroup;
			children = (
			);
			path = View;
			sourceTree = "<group>";
		};
		B78795C11D9F83C500AEC762 /* NewPost */ = {
			isa = PBXGroup;
			children = (
				B78795C21D9F83C500AEC762 /* Controller */,
				B78795C51D9F83C500AEC762 /* Model */,
				B78795C61D9F83C500AEC762 /* View */,
			);
			path = NewPost;
			sourceTree = "<group>";
		};
		B78795C21D9F83C500AEC762 /* Controller */ = {
			isa = PBXGroup;
			children = (
				B78795C31D9F83C500AEC762 /* RNNewPostViewController.h */,
				B78795C41D9F83C500AEC762 /* RNNewPostViewController.m */,
			);
			path = Controller;
			sourceTree = "<group>";
		};
		B78795C51D9F83C500AEC762 /* Model */ = {
			isa = PBXGroup;
			children = (
			);
			path = Model;
			sourceTree = "<group>";
		};
		B78795C61D9F83C500AEC762 /* View */ = {
			isa = PBXGroup;
			children = (
			);
			path = View;
			sourceTree = "<group>";
		};
		B78795C71D9F83C500AEC762 /* Other */ = {
			isa = PBXGroup;
			children = (
				B78795D81D9F83DF00AEC762 /* RNPrefixHeader.pch */,
				B78795C81D9F83C500AEC762 /* AppDelegate.h */,
				B78795C91D9F83C500AEC762 /* AppDelegate.m */,
				B71D08511DA0BC71001A3071 /* Log+extension.h */,
				B71D08521DA0BCA4001A3071 /* Log+extension.m */,
			);
			path = Other;
			sourceTree = "<group>";
		};
		B78795CA1D9F83C500AEC762 /* Publish */ = {
			isa = PBXGroup;
			children = (
				B78795CB1D9F83C500AEC762 /* Controller */,
				B78795CD1D9F83C500AEC762 /* Model */,
				B78795CE1D9F83C500AEC762 /* View */,
			);
			path = Publish;
			sourceTree = "<group>";
		};
		B78795CB1D9F83C500AEC762 /* Controller */ = {
			isa = PBXGroup;
			children = (
			);
			path = Controller;
			sourceTree = "<group>";
		};
		B78795CD1D9F83C500AEC762 /* Model */ = {
			isa = PBXGroup;
			children = (
			);
			path = Model;
			sourceTree = "<group>";
		};
		B78795CE1D9F83C500AEC762 /* View */ = {
			isa = PBXGroup;
			children = (
			);
			path = View;
			sourceTree = "<group>";
		};
/* End PBXGroup section */

/* Begin PBXNativeTarget section */
		B787956D1D9F80A300AEC762 /* 百思不得姐 */ = {
			isa = PBXNativeTarget;
			buildConfigurationList = B787959B1D9F80A300AEC762 /* Build configuration list for PBXNativeTarget "百思不得姐" */;
			buildPhases = (
				F55B70B91ECDFCBFD94FDD3B /* [CP] Check Pods Manifest.lock */,
				B787956A1D9F80A300AEC762 /* Sources */,
				B787956B1D9F80A300AEC762 /* Frameworks */,
				B787956C1D9F80A300AEC762 /* Resources */,
				B5CF5674EB7311205134D59E /* [CP] Embed Pods Frameworks */,
				98A18F7DF2FCD9654D13BBDE /* [CP] Copy Pods Resources */,
			);
			buildRules = (
			);
			dependencies = (
			);
			name = "百思不得姐";
			productName = "百思不得姐";
			productReference = B787956E1D9F80A300AEC762 /* 百思不得姐.app */;
			productType = "com.apple.product-type.application";
		};
		B78795861D9F80A300AEC762 /* 百思不得姐Tests */ = {
			isa = PBXNativeTarget;
			buildConfigurationList = B787959E1D9F80A300AEC762 /* Build configuration list for PBXNativeTarget "百思不得姐Tests" */;
			buildPhases = (
				B78795831D9F80A300AEC762 /* Sources */,
				B78795841D9F80A300AEC762 /* Frameworks */,
				B78795851D9F80A300AEC762 /* Resources */,
			);
			buildRules = (
			);
			dependencies = (
				B78795891D9F80A300AEC762 /* PBXTargetDependency */,
			);
			name = "百思不得姐Tests";
			productName = "百思不得姐Tests";
			productReference = B78795871D9F80A300AEC762 /* 百思不得姐Tests.xctest */;
			productType = "com.apple.product-type.bundle.unit-test";
		};
		B78795911D9F80A300AEC762 /* 百思不得姐UITests */ = {
			isa = PBXNativeTarget;
			buildConfigurationList = B78795A11D9F80A300AEC762 /* Build configuration list for PBXNativeTarget "百思不得姐UITests" */;
			buildPhases = (
				B787958E1D9F80A300AEC762 /* Sources */,
				B787958F1D9F80A300AEC762 /* Frameworks */,
				B78795901D9F80A300AEC762 /* Resources */,
			);
			buildRules = (
			);
			dependencies = (
				B78795941D9F80A300AEC762 /* PBXTargetDependency */,
			);
			name = "百思不得姐UITests";
			productName = "百思不得姐UITests";
			productReference = B78795921D9F80A300AEC762 /* 百思不得姐UITests.xctest */;
			productType = "com.apple.product-type.bundle.ui-testing";
		};
/* End PBXNativeTarget section */

/* Begin PBXProject section */
		B78795661D9F80A200AEC762 /* Project object */ = {
			isa = PBXProject;
			attributes = {
				CLASSPREFIX = RN;
				LastUpgradeCheck = 0800;
				ORGANIZATIONNAME = rain;
				TargetAttributes = {
					B787956D1D9F80A300AEC762 = {
						CreatedOnToolsVersion = 8.0;
						DevelopmentTeam = F6L79AKP89;
						ProvisioningStyle = Automatic;
					};
					B78795861D9F80A300AEC762 = {
						CreatedOnToolsVersion = 8.0;
						ProvisioningStyle = Automatic;
						TestTargetID = B787956D1D9F80A300AEC762;
					};
					B78795911D9F80A300AEC762 = {
						CreatedOnToolsVersion = 8.0;
						ProvisioningStyle = Automatic;
						TestTargetID = B787956D1D9F80A300AEC762;
					};
				};
			};
			buildConfigurationList = B78795691D9F80A200AEC762 /* Build configuration list for PBXProject "百思不得姐" */;
			compatibilityVersion = "Xcode 3.2";
			developmentRegion = English;
			hasScannedForEncodings = 0;
			knownRegions = (
				en,
				Base,
			);
			mainGroup = B78795651D9F80A200AEC762;
			productRefGroup = B787956F1D9F80A300AEC762 /* Products */;
			projectDirPath = "";
			projectRoot = "";
			targets = (
				B787956D1D9F80A300AEC762 /* 百思不得姐 */,
				B78795861D9F80A300AEC762 /* 百思不得姐Tests */,
				B78795911D9F80A300AEC762 /* 百思不得姐UITests */,
			);
		};
/* End PBXProject section */

/* Begin PBXResourcesBuildPhase section */
		B787956C1D9F80A300AEC762 /* Resources */ = {
			isa = PBXResourcesBuildPhase;
			buildActionMask = 2147483647;
			files = (
				B787957E1D9F80A300AEC762 /* Assets.xcassets in Resources */,
				B71ECCC31DA5FA5400DA3AC6 /* member_ diamond_icon.gif in Resources */,
				B71ECCC41DA5FA5400DA3AC6 /* member_ diamond_iconN.gif in Resources */,
				B76926641DA368B90071881A /* RNCelebrityTableViewCell.xib in Resources */,
			);
			runOnlyForDeploymentPostprocessing = 0;
		};
		B78795851D9F80A300AEC762 /* Resources */ = {
			isa = PBXResourcesBuildPhase;
			buildActionMask = 2147483647;
			files = (
			);
			runOnlyForDeploymentPostprocessing = 0;
		};
		B78795901D9F80A300AEC762 /* Resources */ = {
			isa = PBXResourcesBuildPhase;
			buildActionMask = 2147483647;
			files = (
			);
			runOnlyForDeploymentPostprocessing = 0;
		};
/* End PBXResourcesBuildPhase section */

/* Begin PBXShellScriptBuildPhase section */
		98A18F7DF2FCD9654D13BBDE /* [CP] Copy Pods Resources */ = {
			isa = PBXShellScriptBuildPhase;
			buildActionMask = 2147483647;
			files = (
			);
			inputPaths = (
			);
			name = "[CP] Copy Pods Resources";
			outputPaths = (
			);
			runOnlyForDeploymentPostprocessing = 0;
			shellPath = /bin/sh;
			shellScript = "\"${SRCROOT}/Pods/Target Support Files/Pods-百思不得姐/Pods-百思不得姐-resources.sh\"\n";
			showEnvVarsInLog = 0;
		};
		B5CF5674EB7311205134D59E /* [CP] Embed Pods Frameworks */ = {
			isa = PBXShellScriptBuildPhase;
			buildActionMask = 2147483647;
			files = (
			);
			inputPaths = (
			);
			name = "[CP] Embed Pods Frameworks";
			outputPaths = (
			);
			runOnlyForDeploymentPostprocessing = 0;
			shellPath = /bin/sh;
			shellScript = "\"${SRCROOT}/Pods/Target Support Files/Pods-百思不得姐/Pods-百思不得姐-frameworks.sh\"\n";
			showEnvVarsInLog = 0;
		};
		F55B70B91ECDFCBFD94FDD3B /* [CP] Check Pods Manifest.lock */ = {
			isa = PBXShellScriptBuildPhase;
			buildActionMask = 2147483647;
			files = (
			);
			inputPaths = (
			);
			name = "[CP] Check Pods Manifest.lock";
			outputPaths = (
			);
			runOnlyForDeploymentPostprocessing = 0;
			shellPath = /bin/sh;
			shellScript = "diff \"${PODS_ROOT}/../Podfile.lock\" \"${PODS_ROOT}/Manifest.lock\" > /dev/null\nif [ $? != 0 ] ; then\n    # print error to STDERR\n    echo \"error: The sandbox is not in sync with the Podfile.lock. Run 'pod install' or update your CocoaPods installation.\" >&2\n    exit 1\nfi\n";
			showEnvVarsInLog = 0;
		};
/* End PBXShellScriptBuildPhase section */

/* Begin PBXSourcesBuildPhase section */
		B787956A1D9F80A300AEC762 /* Sources */ = {
			isa = PBXSourcesBuildPhase;
			buildActionMask = 2147483647;
			files = (
				B78795D31D9F83C500AEC762 /* RNFriendTrendsViewController.m in Sources */,
				B78795D41D9F83C500AEC762 /* RNMeViewController.m in Sources */,
				B783C4181DA55E2800AD8C2A /* RNUsers.m in Sources */,
				B78795D61D9F83C500AEC762 /* AppDelegate.m in Sources */,
				B78795CF1D9F83C500AEC762 /* RNBaseController.m in Sources */,
				B78795D51D9F83C500AEC762 /* RNNewPostViewController.m in Sources */,
				B71D08531DA0BCA4001A3071 /* Log+extension.m in Sources */,
				B729A8201D9F97B800107A99 /* RNNavigationController.m in Sources */,
				B71D085C1DA0D9B5001A3071 /* RNCategoryTagCell.m in Sources */,
				B78795D01D9F83C500AEC762 /* RNTabBar.m in Sources */,
				B70CC4EB1DA03ADF0079F071 /* RNRecommendViewController.m in Sources */,
				B7219DF71DA005D600B495CC /* RNFriendsView.m in Sources */,
				B76926631DA368B90071881A /* RNCelebrityTableViewCell.m in Sources */,
				B78795D21D9F83C500AEC762 /* RNEssenceViewController.m in Sources */,
				B78795D11D9F83C500AEC762 /* UIBarButtonItem+RNExtension.m in Sources */,
				B71D08561DA0CBD0001A3071 /* RNCategoryTag.m in Sources */,
				B78795731D9F80A300AEC762 /* main.m in Sources */,
			);
			runOnlyForDeploymentPostprocessing = 0;
		};
		B78795831D9F80A300AEC762 /* Sources */ = {
			isa = PBXSourcesBuildPhase;
			buildActionMask = 2147483647;
			files = (
				B787958C1D9F80A300AEC762 /* _____Tests.m in Sources */,
			);
			runOnlyForDeploymentPostprocessing = 0;
		};
		B787958E1D9F80A300AEC762 /* Sources */ = {
			isa = PBXSourcesBuildPhase;
			buildActionMask = 2147483647;
			files = (
				B78795971D9F80A300AEC762 /* _____UITests.m in Sources */,
			);
			runOnlyForDeploymentPostprocessing = 0;
		};
/* End PBXSourcesBuildPhase section */

/* Begin PBXTargetDependency section */
		B78795891D9F80A300AEC762 /* PBXTargetDependency */ = {
			isa = PBXTargetDependency;
			target = B787956D1D9F80A300AEC762 /* 百思不得姐 */;
			targetProxy = B78795881D9F80A300AEC762 /* PBXContainerItemProxy */;
		};
		B78795941D9F80A300AEC762 /* PBXTargetDependency */ = {
			isa = PBXTargetDependency;
			target = B787956D1D9F80A300AEC762 /* 百思不得姐 */;
			targetProxy = B78795931D9F80A300AEC762 /* PBXContainerItemProxy */;
		};
/* End PBXTargetDependency section */

/* Begin XCBuildConfiguration section */
		B78795991D9F80A300AEC762 /* Debug */ = {
			isa = XCBuildConfiguration;
			buildSettings = {
				ALWAYS_SEARCH_USER_PATHS = NO;
				CLANG_ANALYZER_NONNULL = YES;
				CLANG_CXX_LANGUAGE_STANDARD = "gnu++0x";
				CLANG_CXX_LIBRARY = "libc++";
				CLANG_ENABLE_MODULES = YES;
				CLANG_ENABLE_OBJC_ARC = YES;
				CLANG_WARN_BOOL_CONVERSION = YES;
				CLANG_WARN_CONSTANT_CONVERSION = YES;
				CLANG_WARN_DIRECT_OBJC_ISA_USAGE = YES_ERROR;
				CLANG_WARN_DOCUMENTATION_COMMENTS = YES;
				CLANG_WARN_EMPTY_BODY = YES;
				CLANG_WARN_ENUM_CONVERSION = YES;
				CLANG_WARN_INFINITE_RECURSION = YES;
				CLANG_WARN_INT_CONVERSION = YES;
				CLANG_WARN_OBJC_ROOT_CLASS = YES_ERROR;
				CLANG_WARN_SUSPICIOUS_MOVES = YES;
				CLANG_WARN_UNREACHABLE_CODE = YES;
				CLANG_WARN__DUPLICATE_METHOD_MATCH = YES;
				"CODE_SIGN_IDENTITY[sdk=iphoneos*]" = "iPhone Developer";
				COPY_PHASE_STRIP = NO;
				DEBUG_INFORMATION_FORMAT = dwarf;
				ENABLE_STRICT_OBJC_MSGSEND = YES;
				ENABLE_TESTABILITY = YES;
				GCC_C_LANGUAGE_STANDARD = gnu99;
				GCC_DYNAMIC_NO_PIC = NO;
				GCC_NO_COMMON_BLOCKS = YES;
				GCC_OPTIMIZATION_LEVEL = 0;
				GCC_PREPROCESSOR_DEFINITIONS = (
					"DEBUG=1",
					"$(inherited)",
				);
				GCC_WARN_64_TO_32_BIT_CONVERSION = YES;
				GCC_WARN_ABOUT_RETURN_TYPE = YES_ERROR;
				GCC_WARN_UNDECLARED_SELECTOR = YES;
				GCC_WARN_UNINITIALIZED_AUTOS = YES_AGGRESSIVE;
				GCC_WARN_UNUSED_FUNCTION = YES;
				GCC_WARN_UNUSED_VARIABLE = YES;
				IPHONEOS_DEPLOYMENT_TARGET = 10.0;
				MTL_ENABLE_DEBUG_INFO = YES;
				ONLY_ACTIVE_ARCH = YES;
				SDKROOT = iphoneos;
				TARGETED_DEVICE_FAMILY = "1,2";
			};
			name = Debug;
		};
		B787959A1D9F80A300AEC762 /* Release */ = {
			isa = XCBuildConfiguration;
			buildSettings = {
				ALWAYS_SEARCH_USER_PATHS = NO;
				CLANG_ANALYZER_NONNULL = YES;
				CLANG_CXX_LANGUAGE_STANDARD = "gnu++0x";
				CLANG_CXX_LIBRARY = "libc++";
				CLANG_ENABLE_MODULES = YES;
				CLANG_ENABLE_OBJC_ARC = YES;
				CLANG_WARN_BOOL_CONVERSION = YES;
				CLANG_WARN_CONSTANT_CONVERSION = YES;
				CLANG_WARN_DIRECT_OBJC_ISA_USAGE = YES_ERROR;
				CLANG_WARN_DOCUMENTATION_COMMENTS = YES;
				CLANG_WARN_EMPTY_BODY = YES;
				CLANG_WARN_ENUM_CONVERSION = YES;
				CLANG_WARN_INFINITE_RECURSION = YES;
				CLANG_WARN_INT_CONVERSION = YES;
				CLANG_WARN_OBJC_ROOT_CLASS = YES_ERROR;
				CLANG_WARN_SUSPICIOUS_MOVES = YES;
				CLANG_WARN_UNREACHABLE_CODE = YES;
				CLANG_WARN__DUPLICATE_METHOD_MATCH = YES;
				"CODE_SIGN_IDENTITY[sdk=iphoneos*]" = "iPhone Developer";
				COPY_PHASE_STRIP = NO;
				DEBUG_INFORMATION_FORMAT = "dwarf-with-dsym";
				ENABLE_NS_ASSERTIONS = NO;
				ENABLE_STRICT_OBJC_MSGSEND = YES;
				GCC_C_LANGUAGE_STANDARD = gnu99;
				GCC_NO_COMMON_BLOCKS = YES;
				GCC_WARN_64_TO_32_BIT_CONVERSION = YES;
				GCC_WARN_ABOUT_RETURN_TYPE = YES_ERROR;
				GCC_WARN_UNDECLARED_SELECTOR = YES;
				GCC_WARN_UNINITIALIZED_AUTOS = YES_AGGRESSIVE;
				GCC_WARN_UNUSED_FUNCTION = YES;
				GCC_WARN_UNUSED_VARIABLE = YES;
				IPHONEOS_DEPLOYMENT_TARGET = 10.0;
				MTL_ENABLE_DEBUG_INFO = NO;
				SDKROOT = iphoneos;
				TARGETED_DEVICE_FAMILY = "1,2";
				VALIDATE_PRODUCT = YES;
			};
			name = Release;
		};
		B787959C1D9F80A300AEC762 /* Debug */ = {
			isa = XCBuildConfiguration;
			baseConfigurationReference = D4F87A1C724A5F31E896E059 /* Pods-百思不得姐.debug.xcconfig */;
			buildSettings = {
				ASSETCATALOG_COMPILER_APPICON_NAME = AppIcon;
				ASSETCATALOG_COMPILER_LAUNCHIMAGE_NAME = LaunchImage;
				DEVELOPMENT_TEAM = F6L79AKP89;
				GCC_PRECOMPILE_PREFIX_HEADER = NO;
				GCC_PREFIX_HEADER = "百思不得姐/RNPrefixHeader.pch";
				INFOPLIST_FILE = "百思不得姐/Info.plist";
				IPHONEOS_DEPLOYMENT_TARGET = 8.0;
				LD_RUNPATH_SEARCH_PATHS = "$(inherited) @executable_path/Frameworks";
				PRODUCT_BUNDLE_IDENTIFIER = "com.qq.471017370.-----";
				PRODUCT_NAME = "$(TARGET_NAME)";
			};
			name = Debug;
		};
		B787959D1D9F80A300AEC762 /* Release */ = {
			isa = XCBuildConfiguration;
			baseConfigurationReference = 58EE82A92ED411FB08ECA03C /* Pods-百思不得姐.release.xcconfig */;
			buildSettings = {
				ASSETCATALOG_COMPILER_APPICON_NAME = AppIcon;
				ASSETCATALOG_COMPILER_LAUNCHIMAGE_NAME = LaunchImage;
				DEVELOPMENT_TEAM = F6L79AKP89;
				GCC_PRECOMPILE_PREFIX_HEADER = NO;
				GCC_PREFIX_HEADER = "百思不得姐/RNPrefixHeader.pch";
				INFOPLIST_FILE = "百思不得姐/Info.plist";
				IPHONEOS_DEPLOYMENT_TARGET = 8.0;
				LD_RUNPATH_SEARCH_PATHS = "$(inherited) @executable_path/Frameworks";
				PRODUCT_BUNDLE_IDENTIFIER = "com.qq.471017370.-----";
				PRODUCT_NAME = "$(TARGET_NAME)";
			};
			name = Release;
		};
		B787959F1D9F80A300AEC762 /* Debug */ = {
			isa = XCBuildConfiguration;
			buildSettings = {
				BUNDLE_LOADER = "$(TEST_HOST)";
				INFOPLIST_FILE = "百思不得姐Tests/Info.plist";
				LD_RUNPATH_SEARCH_PATHS = "$(inherited) @executable_path/Frameworks @loader_path/Frameworks";
				PRODUCT_BUNDLE_IDENTIFIER = "com.qq.471017370.-----Tests";
				PRODUCT_NAME = "$(TARGET_NAME)";
				TEST_HOST = "$(BUILT_PRODUCTS_DIR)/百思不得姐.app/百思不得姐";
			};
			name = Debug;
		};
		B78795A01D9F80A300AEC762 /* Release */ = {
			isa = XCBuildConfiguration;
			buildSettings = {
				BUNDLE_LOADER = "$(TEST_HOST)";
				INFOPLIST_FILE = "百思不得姐Tests/Info.plist";
				LD_RUNPATH_SEARCH_PATHS = "$(inherited) @executable_path/Frameworks @loader_path/Frameworks";
				PRODUCT_BUNDLE_IDENTIFIER = "com.qq.471017370.-----Tests";
				PRODUCT_NAME = "$(TARGET_NAME)";
				TEST_HOST = "$(BUILT_PRODUCTS_DIR)/百思不得姐.app/百思不得姐";
			};
			name = Release;
		};
		B78795A21D9F80A300AEC762 /* Debug */ = {
			isa = XCBuildConfiguration;
			buildSettings = {
				INFOPLIST_FILE = "百思不得姐UITests/Info.plist";
				LD_RUNPATH_SEARCH_PATHS = "$(inherited) @executable_path/Frameworks @loader_path/Frameworks";
				PRODUCT_BUNDLE_IDENTIFIER = "com.qq.471017370.-----UITests";
				PRODUCT_NAME = "$(TARGET_NAME)";
				TEST_TARGET_NAME = "百思不得姐";
			};
			name = Debug;
		};
		B78795A31D9F80A300AEC762 /* Release */ = {
			isa = XCBuildConfiguration;
			buildSettings = {
				INFOPLIST_FILE = "百思不得姐UITests/Info.plist";
				LD_RUNPATH_SEARCH_PATHS = "$(inherited) @executable_path/Frameworks @loader_path/Frameworks";
				PRODUCT_BUNDLE_IDENTIFIER = "com.qq.471017370.-----UITests";
				PRODUCT_NAME = "$(TARGET_NAME)";
				TEST_TARGET_NAME = "百思不得姐";
			};
			name = Release;
		};
/* End XCBuildConfiguration section */

/* Begin XCConfigurationList section */
		B78795691D9F80A200AEC762 /* Build configuration list for PBXProject "百思不得姐" */ = {
			isa = XCConfigurationList;
			buildConfigurations = (
				B78795991D9F80A300AEC762 /* Debug */,
				B787959A1D9F80A300AEC762 /* Release */,
			);
			defaultConfigurationIsVisible = 0;
			defaultConfigurationName = Release;
		};
		B787959B1D9F80A300AEC762 /* Build configuration list for PBXNativeTarget "百思不得姐" */ = {
			isa = XCConfigurationList;
			buildConfigurations = (
				B787959C1D9F80A300AEC762 /* Debug */,
				B787959D1D9F80A300AEC762 /* Release */,
			);
			defaultConfigurationIsVisible = 0;
			defaultConfigurationName = Release;
		};
		B787959E1D9F80A300AEC762 /* Build configuration list for PBXNativeTarget "百思不得姐Tests" */ = {
			isa = XCConfigurationList;
			buildConfigurations = (
				B787959F1D9F80A300AEC762 /* Debug */,
				B78795A01D9F80A300AEC762 /* Release */,
			);
			defaultConfigurationIsVisible = 0;
			defaultConfigurationName = Release;
		};
		B78795A11D9F80A300AEC762 /* Build configuration list for PBXNativeTarget "百思不得姐UITests" */ = {
			isa = XCConfigurationList;
			buildConfigurations = (
				B78795A21D9F80A300AEC762 /* Debug */,
				B78795A31D9F80A300AEC762 /* Release */,
			);
			defaultConfigurationIsVisible = 0;
			defaultConfigurationName = Release;
		};
/* End XCConfigurationList section */
	};
	rootObject = B78795661D9F80A200AEC762 /* Project object */;
}
